
Microsoft Visual Studio Solution File, Format Version 12.00
# Visual Studio Version 16
VisualStudioVersion = 16.0.33027.164
MinimumVisualStudioVersion = 10.0.40219.1
Project("{FAE04EC0-301F-11D3-BF4B-00C04F79EFBC}") = "GrafosT4", "GrafosT4\GrafosT4.csproj", "{4ED0BB8A-178E-4A79-BF25-C389B7E24A02}"
EndProject
Global
	GlobalSection(SolutionConfigurationPlatforms) = preSolution
		Debug|Any CPU = Debug|Any CPU
		Release|Any CPU = Release|Any CPU
	EndGlobalSection
	GlobalSection(ProjectConfigurationPlatforms) = postSolution
		{4ED0BB8A-178E-4A79-BF25-C389B7E24A02}.Debug|Any CPU.ActiveCfg = Debug|Any CPU
		{4ED0BB8A-178E-4A79-BF25-C389B7E24A02}.Debug|Any CPU.Build.0 = Debug|Any CPU
		{4ED0BB8A-178E-4A79-BF25-C389B7E24A02}.Release|Any CPU.ActiveCfg = Release|Any CPU
		{4ED0BB8A-178E-4A79-BF25-C389B7E24A02}.Release|Any CPU.Build.0 = Release|Any CPU
	EndGlobalSection
	GlobalSection(SolutionProperties) = preSolution
		HideSolutionNode = FALSE
	EndGlobalSection
	GlobalSection(ExtensibilityGlobals) = postSolution
		SolutionGuid = {763B1A95-9EAA-4A3D-8563-B76AE7AFADB5}
	EndGlobalSection
EndGlobal
